
Microsoft Visual Studio Solution File, Format Version 12.00
# Visual Studio Version 17
VisualStudioVersion = 17.2.32616.157
MinimumVisualStudioVersion = 10.0.40219.1
Project("{8BC9CEB8-8B4A-11D0-8D11-00A0C91BC942}") = "GraphService", "GraphService\GraphService.vcxproj", "{D6A711A7-1B7D-4192-AE69-6331A3E31590}"
EndProject
Project("{8BC9CEB8-8B4A-11D0-8D11-00A0C91BC942}") = "BFSService", "BFSService\BFSService.vcxproj", "{8EC3D70A-72F6-4407-A39F-266DDE5EB694}"
EndProject
Project("{8BC9CEB8-8B4A-11D0-8D11-00A0C91BC942}") = "EdmondsKarpService", "EdmondsKarpService\EdmondsKarpService.vcxproj", "{6ED49D90-AE2E-4218-8829-1CE88A93D754}"
EndProject
Project("{8BC9CEB8-8B4A-11D0-8D11-00A0C91BC942}") = "PushRelabelService", "PushRelabelService\PushRelabelService.vcxproj", "{E5E03008-A9B0-4162-8B80-9751121E26F2}"
EndProject
Global
	GlobalSection(SolutionConfigurationPlatforms) = preSolution
		Debug|x64 = Debug|x64
		Debug|x86 = Debug|x86
		Release|x64 = Release|x64
		Release|x86 = Release|x86
	EndGlobalSection
	GlobalSection(ProjectConfigurationPlatforms) = postSolution
		{D6A711A7-1B7D-4192-AE69-6331A3E31590}.Debug|x64.ActiveCfg = Debug|x64
		{D6A711A7-1B7D-4192-AE69-6331A3E31590}.Debug|x64.Build.0 = Debug|x64
		{D6A711A7-1B7D-4192-AE69-6331A3E31590}.Debug|x86.ActiveCfg = Debug|Win32
		{D6A711A7-1B7D-4192-AE69-6331A3E31590}.Debug|x86.Build.0 = Debug|Win32
		{D6A711A7-1B7D-4192-AE69-6331A3E31590}.Release|x64.ActiveCfg = Release|x64
		{D6A711A7-1B7D-4192-AE69-6331A3E31590}.Release|x64.Build.0 = Release|x64
		{D6A711A7-1B7D-4192-AE69-6331A3E31590}.Release|x86.ActiveCfg = Release|Win32
		{D6A711A7-1B7D-4192-AE69-6331A3E31590}.Release|x86.Build.0 = Release|Win32
		{8EC3D70A-72F6-4407-A39F-266DDE5EB694}.Debug|x64.ActiveCfg = Debug|x64
		{8EC3D70A-72F6-4407-A39F-266DDE5EB694}.Debug|x64.Build.0 = Debug|x64
		{8EC3D70A-72F6-4407-A39F-266DDE5EB694}.Debug|x86.ActiveCfg = Debug|Win32
		{8EC3D70A-72F6-4407-A39F-266DDE5EB694}.Debug|x86.Build.0 = Debug|Win32
		{8EC3D70A-72F6-4407-A39F-266DDE5EB694}.Release|x64.ActiveCfg = Release|x64
		{8EC3D70A-72F6-4407-A39F-266DDE5EB694}.Release|x64.Build.0 = Release|x64
		{8EC3D70A-72F6-4407-A39F-266DDE5EB694}.Release|x86.ActiveCfg = Release|Win32
		{8EC3D70A-72F6-4407-A39F-266DDE5EB694}.Release|x86.Build.0 = Release|Win32
		{6ED49D90-AE2E-4218-8829-1CE88A93D754}.Debug|x64.ActiveCfg = Debug|x64
		{6ED49D90-AE2E-4218-8829-1CE88A93D754}.Debug|x64.Build.0 = Debug|x64
		{6ED49D90-AE2E-4218-8829-1CE88A93D754}.Debug|x86.ActiveCfg = Debug|Win32
		{6ED49D90-AE2E-4218-8829-1CE88A93D754}.Debug|x86.Build.0 = Debug|Win32
		{6ED49D90-AE2E-4218-8829-1CE88A93D754}.Release|x64.ActiveCfg = Release|x64
		{6ED49D90-AE2E-4218-8829-1CE88A93D754}.Release|x64.Build.0 = Release|x64
		{6ED49D90-AE2E-4218-8829-1CE88A93D754}.Release|x86.ActiveCfg = Release|Win32
		{6ED49D90-AE2E-4218-8829-1CE88A93D754}.Release|x86.Build.0 = Release|Win32
		{E5E03008-A9B0-4162-8B80-9751121E26F2}.Debug|x64.ActiveCfg = Debug|x64
		{E5E03008-A9B0-4162-8B80-9751121E26F2}.Debug|x64.Build.0 = Debug|x64
		{E5E03008-A9B0-4162-8B80-9751121E26F2}.Debug|x86.ActiveCfg = Debug|Win32
		{E5E03008-A9B0-4162-8B80-9751121E26F2}.Debug|x86.Build.0 = Debug|Win32
		{E5E03008-A9B0-4162-8B80-9751121E26F2}.Release|x64.ActiveCfg = Release|x64
		{E5E03008-A9B0-4162-8B80-9751121E26F2}.Release|x64.Build.0 = Release|x64
		{E5E03008-A9B0-4162-8B80-9751121E26F2}.Release|x86.ActiveCfg = Release|Win32
		{E5E03008-A9B0-4162-8B80-9751121E26F2}.Release|x86.Build.0 = Release|Win32
	EndGlobalSection
	GlobalSection(SolutionProperties) = preSolution
		HideSolutionNode = FALSE
	EndGlobalSection
	GlobalSection(ExtensibilityGlobals) = postSolution
		SolutionGuid = {13D5D692-15D3-4518-8463-4C8F47BE04C7}
	EndGlobalSection
EndGlobal
